
Microsoft Visual Studio Solution File, Format Version 12.00
# Visual Studio Version 17
VisualStudioVersion = 17.11.35312.102
MinimumVisualStudioVersion = 10.0.40219.1
Project("{9A19103F-16F7-4668-BE54-9A1E7A4F7556}") = "JOB - PORTAL", "JOB - PORTAL\JOB - PORTAL.csproj", "{495AB857-E51A-4DE7-8C62-0A68659D026B}"
EndProject
Global
	GlobalSection(SolutionConfigurationPlatforms) = preSolution
		Debug|Any CPU = Debug|Any CPU
		Release|Any CPU = Release|Any CPU
	EndGlobalSection
	GlobalSection(ProjectConfigurationPlatforms) = postSolution
		{495AB857-E51A-4DE7-8C62-0A68659D026B}.Debug|Any CPU.ActiveCfg = Debug|Any CPU
		{495AB857-E51A-4DE7-8C62-0A68659D026B}.Debug|Any CPU.Build.0 = Debug|Any CPU
		{495AB857-E51A-4DE7-8C62-0A68659D026B}.Release|Any CPU.ActiveCfg = Release|Any CPU
		{495AB857-E51A-4DE7-8C62-0A68659D026B}.Release|Any CPU.Build.0 = Release|Any CPU
	EndGlobalSection
	GlobalSection(SolutionProperties) = preSolution
		HideSolutionNode = FALSE
	EndGlobalSection
	GlobalSection(ExtensibilityGlobals) = postSolution
		SolutionGuid = {216E1F7C-5331-45A9-865D-5C51DEDE3905}
	EndGlobalSection
EndGlobal
